{
  "nodes": {
    "nix-darwin": {
      "inputs": {
        "nixpkgs": [
          "nixpkgs"
        ]
      },
      "locked": {
        "lastModified": 1733047432,
        "narHash": "sha256-fQUKxgxAEHlL5bevRkdsQB7sSpAMhlvxf7Zw0KK8QIg=",
        "owner": "LnL7",
        "repo": "nix-darwin",
        "rev": "e30a3622b606dffc622305b4bbe1cfe37e78fa40",
        "type": "github"
      },
      "original": {
        "owner": "LnL7",
        "repo": "nix-darwin",
        "type": "github"
      }
    },
    "nixpkgs": {
      "locked": {
        "lastModified": 1732971106,
        "narHash": "sha256-pHO+NWd8wJGDuVJjyyxdgtcmiGhNNKbIIXLMLBPxJTI=",
        "owner": "NixOS",
        "repo": "nixpkgs",
        "rev": "f40efe1ce90f9cd692c8d56d9305fa6b9c07f211",
        "type": "github"
      },
      "original": {
        "owner": "NixOS",
        "ref": "nixpkgs-unstable",
        "repo": "nixpkgs",
        "type": "github"
      }
    },
    "root": {
      "inputs": {
        "nix-darwin": "nix-darwin",
        "nixpkgs": "nixpkgs"
      }
    }
  },
  "root": "root",
  "version": 7
}
